
Microsoft Visual Studio Solution File, Format Version 12.00
# Visual Studio Version 16
VisualStudioVersion = 16.0.31313.79
MinimumVisualStudioVersion = 10.0.40219.1
Project("{FAE04EC0-301F-11D3-BF4B-00C04F79EFBC}") = "neXn.Pinger", "neXn.Pinger\neXn.Pinger.csproj", "{82BE1C3C-7CAD-4947-88C1-FDFFFB8A5CEC}"
EndProject
Project("{FAE04EC0-301F-11D3-BF4B-00C04F79EFBC}") = "neXn.Tests", "neXn.Tests\neXn.Tests.csproj", "{64D47AE1-457D-48EF-A3E4-479507325060}"
EndProject
Project("{2150E333-8FDC-42A3-9474-1A3956D46DE8}") = "Assets", "Assets", "{51F12A8A-C39B-4AE4-AA12-D98879DB556A}"
	ProjectSection(SolutionItems) = preProject
		Assets\icon.png = Assets\icon.png
	EndProjectSection
EndProject
Global
	GlobalSection(SolutionConfigurationPlatforms) = preSolution
		Debug|Any CPU = Debug|Any CPU
		Release|Any CPU = Release|Any CPU
	EndGlobalSection
	GlobalSection(ProjectConfigurationPlatforms) = postSolution
		{82BE1C3C-7CAD-4947-88C1-FDFFFB8A5CEC}.Debug|Any CPU.ActiveCfg = Debug|Any CPU
		{82BE1C3C-7CAD-4947-88C1-FDFFFB8A5CEC}.Debug|Any CPU.Build.0 = Debug|Any CPU
		{82BE1C3C-7CAD-4947-88C1-FDFFFB8A5CEC}.Release|Any CPU.ActiveCfg = Release|Any CPU
		{82BE1C3C-7CAD-4947-88C1-FDFFFB8A5CEC}.Release|Any CPU.Build.0 = Release|Any CPU
		{64D47AE1-457D-48EF-A3E4-479507325060}.Debug|Any CPU.ActiveCfg = Debug|Any CPU
		{64D47AE1-457D-48EF-A3E4-479507325060}.Debug|Any CPU.Build.0 = Debug|Any CPU
		{64D47AE1-457D-48EF-A3E4-479507325060}.Release|Any CPU.ActiveCfg = Release|Any CPU
		{64D47AE1-457D-48EF-A3E4-479507325060}.Release|Any CPU.Build.0 = Release|Any CPU
	EndGlobalSection
	GlobalSection(SolutionProperties) = preSolution
		HideSolutionNode = FALSE
	EndGlobalSection
	GlobalSection(ExtensibilityGlobals) = postSolution
		SolutionGuid = {667B1299-2B76-40CE-8222-62CEBD797829}
	EndGlobalSection
EndGlobal
